
Microsoft Visual Studio Solution File, Format Version 12.00
# Visual Studio 15
VisualStudioVersion = 15.0.27703.2035
MinimumVisualStudioVersion = 10.0.40219.1
Project("{FAE04EC0-301F-11D3-BF4B-00C04F79EFBC}") = "13-1", "13-1\13-1.csproj", "{117FBEB6-085C-4E08-9599-EC87640C2921}"
EndProject
Global
	GlobalSection(SolutionConfigurationPlatforms) = preSolution
		Debug|Any CPU = Debug|Any CPU
		Release|Any CPU = Release|Any CPU
	EndGlobalSection
	GlobalSection(ProjectConfigurationPlatforms) = postSolution
		{117FBEB6-085C-4E08-9599-EC87640C2921}.Debug|Any CPU.ActiveCfg = Debug|Any CPU
		{117FBEB6-085C-4E08-9599-EC87640C2921}.Debug|Any CPU.Build.0 = Debug|Any CPU
		{117FBEB6-085C-4E08-9599-EC87640C2921}.Release|Any CPU.ActiveCfg = Release|Any CPU
		{117FBEB6-085C-4E08-9599-EC87640C2921}.Release|Any CPU.Build.0 = Release|Any CPU
	EndGlobalSection
	GlobalSection(SolutionProperties) = preSolution
		HideSolutionNode = FALSE
	EndGlobalSection
	GlobalSection(ExtensibilityGlobals) = postSolution
		SolutionGuid = {022FF6C1-AF86-4B90-B3BA-1F3E8B6E700B}
	EndGlobalSection
EndGlobal
